
Microsoft Visual Studio Solution File, Format Version 12.00
# Visual Studio Version 16
VisualStudioVersion = 16.0.29306.81
MinimumVisualStudioVersion = 10.0.40219.1
Project("{FAE04EC0-301F-11D3-BF4B-00C04F79EFBC}") = "FightSim v2", "FightSim v2\FightSim v2.csproj", "{249A6FA5-399B-45DC-A94B-BCF35EF11BB5}"
EndProject
Global
	GlobalSection(SolutionConfigurationPlatforms) = preSolution
		Debug|Any CPU = Debug|Any CPU
		Release|Any CPU = Release|Any CPU
	EndGlobalSection
	GlobalSection(ProjectConfigurationPlatforms) = postSolution
		{249A6FA5-399B-45DC-A94B-BCF35EF11BB5}.Debug|Any CPU.ActiveCfg = Debug|Any CPU
		{249A6FA5-399B-45DC-A94B-BCF35EF11BB5}.Debug|Any CPU.Build.0 = Debug|Any CPU
		{249A6FA5-399B-45DC-A94B-BCF35EF11BB5}.Release|Any CPU.ActiveCfg = Release|Any CPU
		{249A6FA5-399B-45DC-A94B-BCF35EF11BB5}.Release|Any CPU.Build.0 = Release|Any CPU
	EndGlobalSection
	GlobalSection(SolutionProperties) = preSolution
		HideSolutionNode = FALSE
	EndGlobalSection
	GlobalSection(ExtensibilityGlobals) = postSolution
		SolutionGuid = {DA8E0A83-E86D-44B3-B289-31F4824263F6}
	EndGlobalSection
EndGlobal
